
Microsoft Visual Studio Solution File, Format Version 12.00
# Visual Studio Version 17
VisualStudioVersion = 17.1.32319.34
MinimumVisualStudioVersion = 10.0.40219.1
Project("{9A19103F-16F7-4668-BE54-9A1E7A4F7556}") = "AgendaWeb.Presentation", "AgendaWeb.Presentation\AgendaWeb.Presentation.csproj", "{C6817C9E-E756-429F-A8DA-74631B08640E}"
EndProject
Project("{2150E333-8FDC-42A3-9474-1A3956D46DE8}") = "1 - Presentation", "1 - Presentation", "{4FF95D7D-12B1-48F0-A9D0-150ADD7B63F0}"
EndProject
Project("{2150E333-8FDC-42A3-9474-1A3956D46DE8}") = "2 - Repository", "2 - Repository", "{917EBD37-0877-4BF2-A0F0-761B8378DC4A}"
EndProject
Project("{FAE04EC0-301F-11D3-BF4B-00C04F79EFBC}") = "AgendaWeb.Infra.Data", "AgendaWeb.Infra.Data\AgendaWeb.Infra.Data.csproj", "{32D9D637-0126-4846-AD24-241ED42E2039}"
EndProject
Global
	GlobalSection(SolutionConfigurationPlatforms) = preSolution
		Debug|Any CPU = Debug|Any CPU
		Release|Any CPU = Release|Any CPU
	EndGlobalSection
	GlobalSection(ProjectConfigurationPlatforms) = postSolution
		{C6817C9E-E756-429F-A8DA-74631B08640E}.Debug|Any CPU.ActiveCfg = Debug|Any CPU
		{C6817C9E-E756-429F-A8DA-74631B08640E}.Debug|Any CPU.Build.0 = Debug|Any CPU
		{C6817C9E-E756-429F-A8DA-74631B08640E}.Release|Any CPU.ActiveCfg = Release|Any CPU
		{C6817C9E-E756-429F-A8DA-74631B08640E}.Release|Any CPU.Build.0 = Release|Any CPU
		{32D9D637-0126-4846-AD24-241ED42E2039}.Debug|Any CPU.ActiveCfg = Debug|Any CPU
		{32D9D637-0126-4846-AD24-241ED42E2039}.Debug|Any CPU.Build.0 = Debug|Any CPU
		{32D9D637-0126-4846-AD24-241ED42E2039}.Release|Any CPU.ActiveCfg = Release|Any CPU
		{32D9D637-0126-4846-AD24-241ED42E2039}.Release|Any CPU.Build.0 = Release|Any CPU
	EndGlobalSection
	GlobalSection(SolutionProperties) = preSolution
		HideSolutionNode = FALSE
	EndGlobalSection
	GlobalSection(NestedProjects) = preSolution
		{C6817C9E-E756-429F-A8DA-74631B08640E} = {4FF95D7D-12B1-48F0-A9D0-150ADD7B63F0}
		{32D9D637-0126-4846-AD24-241ED42E2039} = {917EBD37-0877-4BF2-A0F0-761B8378DC4A}
	EndGlobalSection
	GlobalSection(ExtensibilityGlobals) = postSolution
		SolutionGuid = {5E897FF4-E135-4FA6-80A8-9EBE5133DB44}
	EndGlobalSection
EndGlobal
